{
  "name": "uni-resolver-driver-did-example",
  "version": "1.0.0",
  "lockfileVersion": 3,
  "requires": true,
  "packages": {
    "": {
      "name": "uni-resolver-driver-did-example",
      "version": "1.0.0",
      "license": "Unlicense",
      "dependencies": {
        "elysia": "^1.0.27",
        "trustdidweb-ts": "git://github.com/aviarytech/trustdidweb-ts#version-0.4"
      },
      "devDependencies": {
        "bun-types": "^1.1.20"
      }
    },
    "node_modules/@interop/base58-universal": {
      "version": "1.0.0",
      "resolved": "https://registry.npmjs.org/@interop/base58-universal/-/base58-universal-1.0.0.tgz",
      "integrity": "sha512-PaGfMRBb2RPbGFONRpQsUONN9s1g+lPAPjh2vFvTxfr0M7l7TYAgzr4LDaBI0TJWsuWzrAb1GN473iaQ2bW+PA==",
      "engines": {
        "node": ">=12.0"
      }
    },
    "node_modules/@noble/curves": {
      "version": "1.6.0",
      "resolved": "https://registry.npmjs.org/@noble/curves/-/curves-1.6.0.tgz",
      "integrity": "sha512-TlaHRXDehJuRNR9TfZDNQ45mMEd5dwUwmicsafcIX4SsNiqnCHKjE/1alYPd/lDRVhxdhUAlv8uEhMCI5zjIJQ==",
      "dependencies": {
        "@noble/hashes": "1.5.0"
      },
      "engines": {
        "node": "^14.21.3 || >=16"
      },
      "funding": {
        "url": "https://paulmillr.com/funding/"
      }
    },
    "node_modules/@noble/ed25519": {
      "version": "2.1.0",
      "license": "MIT",
      "funding": {
        "url": "https://paulmillr.com/funding/"
      }
    },
    "node_modules/@noble/hashes": {
      "version": "1.5.0",
      "resolved": "https://registry.npmjs.org/@noble/hashes/-/hashes-1.5.0.tgz",
      "integrity": "sha512-1j6kQFb7QRru7eKN3ZDvRcP13rugwdxZqCjbiAVZfIJwgj2A65UmT4TgARXGlXgnRkORLTDTrO19ZErt7+QXgA==",
      "engines": {
        "node": "^14.21.3 || >=16"
      },
      "funding": {
        "url": "https://paulmillr.com/funding/"
      }
    },
    "node_modules/@sinclair/typebox": {
      "version": "0.32.34",
      "license": "MIT"
    },
    "node_modules/@types/node": {
      "version": "20.12.14",
      "dev": true,
      "license": "MIT",
      "dependencies": {
        "undici-types": "~5.26.4"
      }
    },
    "node_modules/@types/ws": {
      "version": "8.5.11",
      "dev": true,
      "license": "MIT",
      "dependencies": {
        "@types/node": "*"
      }
    },
    "node_modules/bun-types": {
      "version": "1.1.20",
      "dev": true,
      "license": "MIT",
      "dependencies": {
        "@types/node": "~20.12.8",
        "@types/ws": "~8.5.10"
      }
    },
    "node_modules/cookie": {
      "version": "0.6.0",
      "license": "MIT",
      "engines": {
        "node": ">= 0.6"
      }
    },
    "node_modules/elysia": {
      "version": "1.0.27",
      "license": "MIT",
      "dependencies": {
        "@sinclair/typebox": "^0.32.15",
        "cookie": "^0.6.0",
        "eventemitter3": "^5.0.1",
        "fast-decode-uri-component": "^1.0.1",
        "fast-querystring": "^1.1.2",
        "openapi-types": "^12.1.3"
      },
      "peerDependencies": {
        "@sinclair/typebox": ">= 0.31.0",
        "openapi-types": ">= 12.0.0",
        "typescript": ">= 5.0.0"
      },
      "peerDependenciesMeta": {
        "openapi-types": {
          "optional": true
        },
        "typescript": {
          "optional": true
        }
      }
    },
    "node_modules/eventemitter3": {
      "version": "5.0.1",
      "license": "MIT"
    },
    "node_modules/fast-decode-uri-component": {
      "version": "1.0.1",
      "license": "MIT"
    },
    "node_modules/fast-querystring": {
      "version": "1.1.2",
      "license": "MIT",
      "dependencies": {
        "fast-decode-uri-component": "^1.0.1"
      }
    },
    "node_modules/json-canonicalize": {
      "version": "1.0.6",
      "license": "MIT"
    },
    "node_modules/memoirist": {
      "version": "0.1.10",
      "license": "MIT"
    },
    "node_modules/multiformats": {
      "version": "13.1.3",
      "license": "Apache-2.0 OR MIT"
    },
    "node_modules/nanoid": {
      "version": "5.0.7",
      "funding": [
        {
          "type": "github",
          "url": "https://github.com/sponsors/ai"
        }
      ],
      "license": "MIT",
      "bin": {
        "nanoid": "bin/nanoid.js"
      },
      "engines": {
        "node": "^18 || >=20"
      }
    },
    "node_modules/openapi-types": {
      "version": "12.1.3",
      "license": "MIT"
    },
    "node_modules/trustdidweb-ts": {
      "resolved": "git+ssh://git@github.com/aviarytech/trustdidweb-ts.git#a3e56edce3b3b0126ce9c09ce9df20e2dd99f716",
      "dependencies": {
        "@interop/base58-universal": "^1.0.0",
        "@noble/curves": "^1.4.2",
        "@noble/ed25519": "^2.1.0",
        "elysia": "^0.8.17",
        "json-canonicalize": "^1.0.6",
        "multiformats": "^13.1.0",
        "nanoid": "^5.0.6"
      },
      "peerDependencies": {
        "typescript": "^5.0.0"
      }
    },
    "node_modules/trustdidweb-ts/node_modules/elysia": {
      "version": "0.8.17",
      "license": "MIT",
      "dependencies": {
        "@sinclair/typebox": "^0.32.0",
        "cookie": "^0.6.0",
        "eventemitter3": "^5.0.1",
        "fast-decode-uri-component": "^1.0.1",
        "fast-querystring": "^1.1.2",
        "memoirist": "0.1.10",
        "openapi-types": "^12.1.3"
      },
      "peerDependencies": {
        "@sinclair/typebox": ">= 0.31.0",
        "openapi-types": ">= 12.0.0",
        "typescript": ">= 5.0.0"
      },
      "peerDependenciesMeta": {
        "@sinclair/typebox": {
          "optional": true
        },
        "openapi-types": {
          "optional": true
        },
        "typescript": {
          "optional": true
        }
      }
    },
    "node_modules/typescript": {
      "version": "5.5.3",
      "license": "Apache-2.0",
      "peer": true,
      "bin": {
        "tsc": "bin/tsc",
        "tsserver": "bin/tsserver"
      },
      "engines": {
        "node": ">=14.17"
      }
    },
    "node_modules/undici-types": {
      "version": "5.26.5",
      "dev": true,
      "license": "MIT"
    }
  }
}
